
Microsoft Visual Studio Solution File, Format Version 12.00
# Visual Studio 15
VisualStudioVersion = 15.0.27130.2003
MinimumVisualStudioVersion = 10.0.40219.1
Project("{FAE04EC0-301F-11D3-BF4B-00C04F79EFBC}") = "Invoice.Host", "Invoice.Host\Invoice.Host.csproj", "{DFDD07C9-CC32-4123-ABE1-C8211D060AB0}"
EndProject
Project("{FAE04EC0-301F-11D3-BF4B-00C04F79EFBC}") = "Invoice.Builder", "Invoice.Builder\Invoice.Builder.csproj", "{A378A768-EF04-4008-B81C-00E7C921B1E8}"
EndProject
Project("{FAE04EC0-301F-11D3-BF4B-00C04F79EFBC}") = "Invoice.Service", "Invoice.Service\Invoice.Service.csproj", "{8E031544-BDF9-4228-98B3-EF28EB77BC8B}"
EndProject
Project("{FAE04EC0-301F-11D3-BF4B-00C04F79EFBC}") = "Invoice.Model", "Invoice.Model\Invoice.Model.csproj", "{C561CDCF-4C71-4685-8F7A-C000E1DD13B3}"
EndProject
Project("{FAE04EC0-301F-11D3-BF4B-00C04F79EFBC}") = "Invoice.Lib", "Invoice.Lib\Invoice.Lib.csproj", "{F4682DF7-D7EF-4071-AAED-BA1BFD0E688F}"
EndProject
Project("{FAE04EC0-301F-11D3-BF4B-00C04F79EFBC}") = "Invoice.DataAccess", "Invoice.DataAccess\Invoice.DataAccess.csproj", "{8B62BC28-F253-433D-9F87-C72F13D4AEB6}"
EndProject
Global
	GlobalSection(SolutionConfigurationPlatforms) = preSolution
		Debug|Any CPU = Debug|Any CPU
		Release|Any CPU = Release|Any CPU
	EndGlobalSection
	GlobalSection(ProjectConfigurationPlatforms) = postSolution
		{DFDD07C9-CC32-4123-ABE1-C8211D060AB0}.Debug|Any CPU.ActiveCfg = Debug|Any CPU
		{DFDD07C9-CC32-4123-ABE1-C8211D060AB0}.Debug|Any CPU.Build.0 = Debug|Any CPU
		{DFDD07C9-CC32-4123-ABE1-C8211D060AB0}.Release|Any CPU.ActiveCfg = Release|Any CPU
		{DFDD07C9-CC32-4123-ABE1-C8211D060AB0}.Release|Any CPU.Build.0 = Release|Any CPU
		{A378A768-EF04-4008-B81C-00E7C921B1E8}.Debug|Any CPU.ActiveCfg = Debug|Any CPU
		{A378A768-EF04-4008-B81C-00E7C921B1E8}.Debug|Any CPU.Build.0 = Debug|Any CPU
		{A378A768-EF04-4008-B81C-00E7C921B1E8}.Release|Any CPU.ActiveCfg = Release|Any CPU
		{A378A768-EF04-4008-B81C-00E7C921B1E8}.Release|Any CPU.Build.0 = Release|Any CPU
		{8E031544-BDF9-4228-98B3-EF28EB77BC8B}.Debug|Any CPU.ActiveCfg = Debug|Any CPU
		{8E031544-BDF9-4228-98B3-EF28EB77BC8B}.Debug|Any CPU.Build.0 = Debug|Any CPU
		{8E031544-BDF9-4228-98B3-EF28EB77BC8B}.Release|Any CPU.ActiveCfg = Release|Any CPU
		{8E031544-BDF9-4228-98B3-EF28EB77BC8B}.Release|Any CPU.Build.0 = Release|Any CPU
		{C561CDCF-4C71-4685-8F7A-C000E1DD13B3}.Debug|Any CPU.ActiveCfg = Debug|Any CPU
		{C561CDCF-4C71-4685-8F7A-C000E1DD13B3}.Debug|Any CPU.Build.0 = Debug|Any CPU
		{C561CDCF-4C71-4685-8F7A-C000E1DD13B3}.Release|Any CPU.ActiveCfg = Release|Any CPU
		{C561CDCF-4C71-4685-8F7A-C000E1DD13B3}.Release|Any CPU.Build.0 = Release|Any CPU
		{F4682DF7-D7EF-4071-AAED-BA1BFD0E688F}.Debug|Any CPU.ActiveCfg = Debug|Any CPU
		{F4682DF7-D7EF-4071-AAED-BA1BFD0E688F}.Debug|Any CPU.Build.0 = Debug|Any CPU
		{F4682DF7-D7EF-4071-AAED-BA1BFD0E688F}.Release|Any CPU.ActiveCfg = Release|Any CPU
		{F4682DF7-D7EF-4071-AAED-BA1BFD0E688F}.Release|Any CPU.Build.0 = Release|Any CPU
		{8B62BC28-F253-433D-9F87-C72F13D4AEB6}.Debug|Any CPU.ActiveCfg = Debug|Any CPU
		{8B62BC28-F253-433D-9F87-C72F13D4AEB6}.Debug|Any CPU.Build.0 = Debug|Any CPU
		{8B62BC28-F253-433D-9F87-C72F13D4AEB6}.Release|Any CPU.ActiveCfg = Release|Any CPU
		{8B62BC28-F253-433D-9F87-C72F13D4AEB6}.Release|Any CPU.Build.0 = Release|Any CPU
	EndGlobalSection
	GlobalSection(SolutionProperties) = preSolution
		HideSolutionNode = FALSE
	EndGlobalSection
	GlobalSection(ExtensibilityGlobals) = postSolution
		SolutionGuid = {5CB2A07A-A6A5-47C1-A79E-4225FC168286}
	EndGlobalSection
EndGlobal
